// !$*UTF8*$!
{
	archiveVersion = 1;
	classes = {
	};
	objectVersion = 50;
	objects = {

/* Begin PBXBuildFile section */
		930D6BD425B7E097005E24DF /* AppDelegate.swift in Sources */ = {isa = PBXBuildFile; fileRef = 930D6BD325B7E097005E24DF /* AppDelegate.swift */; };
		930D6BD825B7E097005E24DF /* ListViewController.swift in Sources */ = {isa = PBXBuildFile; fileRef = 930D6BD725B7E097005E24DF /* ListViewController.swift */; };
		930D6BDB25B7E097005E24DF /* Main.storyboard in Resources */ = {isa = PBXBuildFile; fileRef = 930D6BD925B7E097005E24DF /* Main.storyboard */; };
		930D6BDD25B7E09A005E24DF /* Assets.xcassets in Resources */ = {isa = PBXBuildFile; fileRef = 930D6BDC25B7E09A005E24DF /* Assets.xcassets */; };
		930D6BE025B7E09A005E24DF /* LaunchScreen.storyboard in Resources */ = {isa = PBXBuildFile; fileRef = 930D6BDE25B7E09A005E24DF /* LaunchScreen.storyboard */; };
		930D6BEB25B7E09A005E24DF /* PokemonTests.swift in Sources */ = {isa = PBXBuildFile; fileRef = 930D6BEA25B7E09A005E24DF /* PokemonTests.swift */; };
		930D6BFD25B7E313005E24DF /* Coder.swift in Sources */ = {isa = PBXBuildFile; fileRef = 930D6BF825B7E313005E24DF /* Coder.swift */; };
		930D6BFE25B7E313005E24DF /* ApiManager.swift in Sources */ = {isa = PBXBuildFile; fileRef = 930D6BF925B7E313005E24DF /* ApiManager.swift */; };
		930D6BFF25B7E313005E24DF /* WebService.swift in Sources */ = {isa = PBXBuildFile; fileRef = 930D6BFA25B7E313005E24DF /* WebService.swift */; };
		930D6C0025B7E313005E24DF /* ServiceProvider.swift in Sources */ = {isa = PBXBuildFile; fileRef = 930D6BFB25B7E313005E24DF /* ServiceProvider.swift */; };
		930D6C0125B7E313005E24DF /* WebServiceConfig.swift in Sources */ = {isa = PBXBuildFile; fileRef = 930D6BFC25B7E313005E24DF /* WebServiceConfig.swift */; };
		93D74E4525B7E71D005D4E57 /* DetailViewController.swift in Sources */ = {isa = PBXBuildFile; fileRef = 93D74E4425B7E71D005D4E57 /* DetailViewController.swift */; };
		93D74E4725B7E740005D4E57 /* PokemonInfo.swift in Sources */ = {isa = PBXBuildFile; fileRef = 93D74E4625B7E740005D4E57 /* PokemonInfo.swift */; };
		93D74E5025B7F1D4005D4E57 /* PokemonListTableViewCell.swift in Sources */ = {isa = PBXBuildFile; fileRef = 93D74E4E25B7F1D4005D4E57 /* PokemonListTableViewCell.swift */; };
		93D74E5125B7F1D4005D4E57 /* PokemonListTableViewCell.xib in Resources */ = {isa = PBXBuildFile; fileRef = 93D74E4F25B7F1D4005D4E57 /* PokemonListTableViewCell.xib */; };
/* End PBXBuildFile section */

/* Begin PBXContainerItemProxy section */
		930D6BE725B7E09A005E24DF /* PBXContainerItemProxy */ = {
			isa = PBXContainerItemProxy;
			containerPortal = 930D6BC825B7E097005E24DF /* Project object */;
			proxyType = 1;
			remoteGlobalIDString = 930D6BCF25B7E097005E24DF;
			remoteInfo = Pokemon;
		};
/* End PBXContainerItemProxy section */

/* Begin PBXFileReference section */
		930D6BD025B7E097005E24DF /* Pokemon.app */ = {isa = PBXFileReference; explicitFileType = wrapper.application; includeInIndex = 0; path = Pokemon.app; sourceTree = BUILT_PRODUCTS_DIR; };
		930D6BD325B7E097005E24DF /* AppDelegate.swift */ = {isa = PBXFileReference; lastKnownFileType = sourcecode.swift; path = AppDelegate.swift; sourceTree = "<group>"; };
		930D6BD725B7E097005E24DF /* ListViewController.swift */ = {isa = PBXFileReference; lastKnownFileType = sourcecode.swift; path = ListViewController.swift; sourceTree = "<group>"; };
		930D6BDA25B7E097005E24DF /* Base */ = {isa = PBXFileReference; lastKnownFileType = file.storyboard; name = Base; path = Base.lproj/Main.storyboard; sourceTree = "<group>"; };
		930D6BDC25B7E09A005E24DF /* Assets.xcassets */ = {isa = PBXFileReference; lastKnownFileType = folder.assetcatalog; path = Assets.xcassets; sourceTree = "<group>"; };
		930D6BDF25B7E09A005E24DF /* Base */ = {isa = PBXFileReference; lastKnownFileType = file.storyboard; name = Base; path = Base.lproj/LaunchScreen.storyboard; sourceTree = "<group>"; };
		930D6BE125B7E09A005E24DF /* Info.plist */ = {isa = PBXFileReference; lastKnownFileType = text.plist.xml; path = Info.plist; sourceTree = "<group>"; };
		930D6BE625B7E09A005E24DF /* PokemonTests.xctest */ = {isa = PBXFileReference; explicitFileType = wrapper.cfbundle; includeInIndex = 0; path = PokemonTests.xctest; sourceTree = BUILT_PRODUCTS_DIR; };
		930D6BEA25B7E09A005E24DF /* PokemonTests.swift */ = {isa = PBXFileReference; lastKnownFileType = sourcecode.swift; path = PokemonTests.swift; sourceTree = "<group>"; };
		930D6BEC25B7E09A005E24DF /* Info.plist */ = {isa = PBXFileReference; lastKnownFileType = text.plist.xml; path = Info.plist; sourceTree = "<group>"; };
		930D6BF825B7E313005E24DF /* Coder.swift */ = {isa = PBXFileReference; fileEncoding = 4; lastKnownFileType = sourcecode.swift; path = Coder.swift; sourceTree = "<group>"; };
		930D6BF925B7E313005E24DF /* ApiManager.swift */ = {isa = PBXFileReference; fileEncoding = 4; lastKnownFileType = sourcecode.swift; path = ApiManager.swift; sourceTree = "<group>"; };
		930D6BFA25B7E313005E24DF /* WebService.swift */ = {isa = PBXFileReference; fileEncoding = 4; lastKnownFileType = sourcecode.swift; path = WebService.swift; sourceTree = "<group>"; };
		930D6BFB25B7E313005E24DF /* ServiceProvider.swift */ = {isa = PBXFileReference; fileEncoding = 4; lastKnownFileType = sourcecode.swift; path = ServiceProvider.swift; sourceTree = "<group>"; };
		930D6BFC25B7E313005E24DF /* WebServiceConfig.swift */ = {isa = PBXFileReference; fileEncoding = 4; lastKnownFileType = sourcecode.swift; path = WebServiceConfig.swift; sourceTree = "<group>"; };
		93D74E4425B7E71D005D4E57 /* DetailViewController.swift */ = {isa = PBXFileReference; lastKnownFileType = sourcecode.swift; path = DetailViewController.swift; sourceTree = "<group>"; };
		93D74E4625B7E740005D4E57 /* PokemonInfo.swift */ = {isa = PBXFileReference; lastKnownFileType = sourcecode.swift; path = PokemonInfo.swift; sourceTree = "<group>"; };
		93D74E4E25B7F1D4005D4E57 /* PokemonListTableViewCell.swift */ = {isa = PBXFileReference; lastKnownFileType = sourcecode.swift; path = PokemonListTableViewCell.swift; sourceTree = "<group>"; };
		93D74E4F25B7F1D4005D4E57 /* PokemonListTableViewCell.xib */ = {isa = PBXFileReference; lastKnownFileType = file.xib; path = PokemonListTableViewCell.xib; sourceTree = "<group>"; };
/* End PBXFileReference section */

/* Begin PBXFrameworksBuildPhase section */
		930D6BCD25B7E097005E24DF /* Frameworks */ = {
			isa = PBXFrameworksBuildPhase;
			buildActionMask = 2147483647;
			files = (
			);
			runOnlyForDeploymentPostprocessing = 0;
		};
		930D6BE325B7E09A005E24DF /* Frameworks */ = {
			isa = PBXFrameworksBuildPhase;
			buildActionMask = 2147483647;
			files = (
			);
			runOnlyForDeploymentPostprocessing = 0;
		};
/* End PBXFrameworksBuildPhase section */

/* Begin PBXGroup section */
		930D6BC725B7E097005E24DF = {
			isa = PBXGroup;
			children = (
				930D6BD225B7E097005E24DF /* Pokemon */,
				930D6BE925B7E09A005E24DF /* PokemonTests */,
				930D6BD125B7E097005E24DF /* Products */,
			);
			sourceTree = "<group>";
		};
		930D6BD125B7E097005E24DF /* Products */ = {
			isa = PBXGroup;
			children = (
				930D6BD025B7E097005E24DF /* Pokemon.app */,
				930D6BE625B7E09A005E24DF /* PokemonTests.xctest */,
			);
			name = Products;
			sourceTree = "<group>";
		};
		930D6BD225B7E097005E24DF /* Pokemon */ = {
			isa = PBXGroup;
			children = (
				930D6C0225B7E319005E24DF /* Webservice */,
				930D6BF725B7E2F6005E24DF /* Delegate */,
				930D6BF525B7E24E005E24DF /* List Module */,
				93D74E4A25B7E76D005D4E57 /* Detail Module */,
				930D6BD925B7E097005E24DF /* Main.storyboard */,
				930D6BDC25B7E09A005E24DF /* Assets.xcassets */,
				930D6BDE25B7E09A005E24DF /* LaunchScreen.storyboard */,
				930D6BE125B7E09A005E24DF /* Info.plist */,
			);
			path = Pokemon;
			sourceTree = "<group>";
		};
		930D6BE925B7E09A005E24DF /* PokemonTests */ = {
			isa = PBXGroup;
			children = (
				930D6BEA25B7E09A005E24DF /* PokemonTests.swift */,
				930D6BEC25B7E09A005E24DF /* Info.plist */,
			);
			path = PokemonTests;
			sourceTree = "<group>";
		};
		930D6BF525B7E24E005E24DF /* List Module */ = {
			isa = PBXGroup;
			children = (
				930D6BF625B7E269005E24DF /* Controller */,
				93D74E5225B7F1DB005D4E57 /* View */,
			);
			path = "List Module";
			sourceTree = "<group>";
		};
		930D6BF625B7E269005E24DF /* Controller */ = {
			isa = PBXGroup;
			children = (
				930D6BD725B7E097005E24DF /* ListViewController.swift */,
			);
			path = Controller;
			sourceTree = "<group>";
		};
		930D6BF725B7E2F6005E24DF /* Delegate */ = {
			isa = PBXGroup;
			children = (
				930D6BD325B7E097005E24DF /* AppDelegate.swift */,
			);
			path = Delegate;
			sourceTree = "<group>";
		};
		930D6C0225B7E319005E24DF /* Webservice */ = {
			isa = PBXGroup;
			children = (
				930D6BF925B7E313005E24DF /* ApiManager.swift */,
				930D6BF825B7E313005E24DF /* Coder.swift */,
				930D6BFB25B7E313005E24DF /* ServiceProvider.swift */,
				930D6BFA25B7E313005E24DF /* WebService.swift */,
				930D6BFC25B7E313005E24DF /* WebServiceConfig.swift */,
			);
			path = Webservice;
			sourceTree = "<group>";
		};
		93D74E4A25B7E76D005D4E57 /* Detail Module */ = {
			isa = PBXGroup;
			children = (
				93D74E4B25B7E77C005D4E57 /* Controller */,
				93D74E4C25B7E789005D4E57 /* Model */,
			);
			path = "Detail Module";
			sourceTree = "<group>";
		};
		93D74E4B25B7E77C005D4E57 /* Controller */ = {
			isa = PBXGroup;
			children = (
				93D74E4425B7E71D005D4E57 /* DetailViewController.swift */,
			);
			path = Controller;
			sourceTree = "<group>";
		};
		93D74E4C25B7E789005D4E57 /* Model */ = {
			isa = PBXGroup;
			children = (
				93D74E4625B7E740005D4E57 /* PokemonInfo.swift */,
			);
			path = Model;
			sourceTree = "<group>";
		};
		93D74E5225B7F1DB005D4E57 /* View */ = {
			isa = PBXGroup;
			children = (
				93D74E4E25B7F1D4005D4E57 /* PokemonListTableViewCell.swift */,
				93D74E4F25B7F1D4005D4E57 /* PokemonListTableViewCell.xib */,
			);
			path = View;
			sourceTree = "<group>";
		};
/* End PBXGroup section */

/* Begin PBXNativeTarget section */
		930D6BCF25B7E097005E24DF /* Pokemon */ = {
			isa = PBXNativeTarget;
			buildConfigurationList = 930D6BEF25B7E09A005E24DF /* Build configuration list for PBXNativeTarget "Pokemon" */;
			buildPhases = (
				930D6BCC25B7E097005E24DF /* Sources */,
				930D6BCD25B7E097005E24DF /* Frameworks */,
				930D6BCE25B7E097005E24DF /* Resources */,
			);
			buildRules = (
			);
			dependencies = (
			);
			name = Pokemon;
			productName = Pokemon;
			productReference = 930D6BD025B7E097005E24DF /* Pokemon.app */;
			productType = "com.apple.product-type.application";
		};
		930D6BE525B7E09A005E24DF /* PokemonTests */ = {
			isa = PBXNativeTarget;
			buildConfigurationList = 930D6BF225B7E09A005E24DF /* Build configuration list for PBXNativeTarget "PokemonTests" */;
			buildPhases = (
				930D6BE225B7E09A005E24DF /* Sources */,
				930D6BE325B7E09A005E24DF /* Frameworks */,
				930D6BE425B7E09A005E24DF /* Resources */,
			);
			buildRules = (
			);
			dependencies = (
				930D6BE825B7E09A005E24DF /* PBXTargetDependency */,
			);
			name = PokemonTests;
			productName = PokemonTests;
			productReference = 930D6BE625B7E09A005E24DF /* PokemonTests.xctest */;
			productType = "com.apple.product-type.bundle.unit-test";
		};
/* End PBXNativeTarget section */

/* Begin PBXProject section */
		930D6BC825B7E097005E24DF /* Project object */ = {
			isa = PBXProject;
			attributes = {
				LastSwiftUpdateCheck = 1110;
				LastUpgradeCheck = 1110;
				ORGANIZATIONNAME = SureshKumar;
				TargetAttributes = {
					930D6BCF25B7E097005E24DF = {
						CreatedOnToolsVersion = 11.1;
					};
					930D6BE525B7E09A005E24DF = {
						CreatedOnToolsVersion = 11.1;
						TestTargetID = 930D6BCF25B7E097005E24DF;
					};
				};
			};
			buildConfigurationList = 930D6BCB25B7E097005E24DF /* Build configuration list for PBXProject "Pokemon" */;
			compatibilityVersion = "Xcode 9.3";
			developmentRegion = en;
			hasScannedForEncodings = 0;
			knownRegions = (
				en,
				Base,
			);
			mainGroup = 930D6BC725B7E097005E24DF;
			productRefGroup = 930D6BD125B7E097005E24DF /* Products */;
			projectDirPath = "";
			projectRoot = "";
			targets = (
				930D6BCF25B7E097005E24DF /* Pokemon */,
				930D6BE525B7E09A005E24DF /* PokemonTests */,
			);
		};
/* End PBXProject section */

/* Begin PBXResourcesBuildPhase section */
		930D6BCE25B7E097005E24DF /* Resources */ = {
			isa = PBXResourcesBuildPhase;
			buildActionMask = 2147483647;
			files = (
				930D6BE025B7E09A005E24DF /* LaunchScreen.storyboard in Resources */,
				93D74E5125B7F1D4005D4E57 /* PokemonListTableViewCell.xib in Resources */,
				930D6BDD25B7E09A005E24DF /* Assets.xcassets in Resources */,
				930D6BDB25B7E097005E24DF /* Main.storyboard in Resources */,
			);
			runOnlyForDeploymentPostprocessing = 0;
		};
		930D6BE425B7E09A005E24DF /* Resources */ = {
			isa = PBXResourcesBuildPhase;
			buildActionMask = 2147483647;
			files = (
			);
			runOnlyForDeploymentPostprocessing = 0;
		};
/* End PBXResourcesBuildPhase section */

/* Begin PBXSourcesBuildPhase section */
		930D6BCC25B7E097005E24DF /* Sources */ = {
			isa = PBXSourcesBuildPhase;
			buildActionMask = 2147483647;
			files = (
				930D6C0025B7E313005E24DF /* ServiceProvider.swift in Sources */,
				930D6BFE25B7E313005E24DF /* ApiManager.swift in Sources */,
				930D6C0125B7E313005E24DF /* WebServiceConfig.swift in Sources */,
				930D6BD825B7E097005E24DF /* ListViewController.swift in Sources */,
				930D6BFD25B7E313005E24DF /* Coder.swift in Sources */,
				93D74E4725B7E740005D4E57 /* PokemonInfo.swift in Sources */,
				930D6BFF25B7E313005E24DF /* WebService.swift in Sources */,
				93D74E5025B7F1D4005D4E57 /* PokemonListTableViewCell.swift in Sources */,
				930D6BD425B7E097005E24DF /* AppDelegate.swift in Sources */,
				93D74E4525B7E71D005D4E57 /* DetailViewController.swift in Sources */,
			);
			runOnlyForDeploymentPostprocessing = 0;
		};
		930D6BE225B7E09A005E24DF /* Sources */ = {
			isa = PBXSourcesBuildPhase;
			buildActionMask = 2147483647;
			files = (
				930D6BEB25B7E09A005E24DF /* PokemonTests.swift in Sources */,
			);
			runOnlyForDeploymentPostprocessing = 0;
		};
/* End PBXSourcesBuildPhase section */

/* Begin PBXTargetDependency section */
		930D6BE825B7E09A005E24DF /* PBXTargetDependency */ = {
			isa = PBXTargetDependency;
			target = 930D6BCF25B7E097005E24DF /* Pokemon */;
			targetProxy = 930D6BE725B7E09A005E24DF /* PBXContainerItemProxy */;
		};
/* End PBXTargetDependency section */

/* Begin PBXVariantGroup section */
		930D6BD925B7E097005E24DF /* Main.storyboard */ = {
			isa = PBXVariantGroup;
			children = (
				930D6BDA25B7E097005E24DF /* Base */,
			);
			name = Main.storyboard;
			sourceTree = "<group>";
		};
		930D6BDE25B7E09A005E24DF /* LaunchScreen.storyboard */ = {
			isa = PBXVariantGroup;
			children = (
				930D6BDF25B7E09A005E24DF /* Base */,
			);
			name = LaunchScreen.storyboard;
			sourceTree = "<group>";
		};
/* End PBXVariantGroup section */

/* Begin XCBuildConfiguration section */
		930D6BED25B7E09A005E24DF /* Debug */ = {
			isa = XCBuildConfiguration;
			buildSettings = {
				ALWAYS_SEARCH_USER_PATHS = NO;
				CLANG_ANALYZER_NONNULL = YES;
				CLANG_ANALYZER_NUMBER_OBJECT_CONVERSION = YES_AGGRESSIVE;
				CLANG_CXX_LANGUAGE_STANDARD = "gnu++14";
				CLANG_CXX_LIBRARY = "libc++";
				CLANG_ENABLE_MODULES = YES;
				CLANG_ENABLE_OBJC_ARC = YES;
				CLANG_ENABLE_OBJC_WEAK = YES;
				CLANG_WARN_BLOCK_CAPTURE_AUTORELEASING = YES;
				CLANG_WARN_BOOL_CONVERSION = YES;
				CLANG_WARN_COMMA = YES;
				CLANG_WARN_CONSTANT_CONVERSION = YES;
				CLANG_WARN_DEPRECATED_OBJC_IMPLEMENTATIONS = YES;
				CLANG_WARN_DIRECT_OBJC_ISA_USAGE = YES_ERROR;
				CLANG_WARN_DOCUMENTATION_COMMENTS = YES;
				CLANG_WARN_EMPTY_BODY = YES;
				CLANG_WARN_ENUM_CONVERSION = YES;
				CLANG_WARN_INFINITE_RECURSION = YES;
				CLANG_WARN_INT_CONVERSION = YES;
				CLANG_WARN_NON_LITERAL_NULL_CONVERSION = YES;
				CLANG_WARN_OBJC_IMPLICIT_RETAIN_SELF = YES;
				CLANG_WARN_OBJC_LITERAL_CONVERSION = YES;
				CLANG_WARN_OBJC_ROOT_CLASS = YES_ERROR;
				CLANG_WARN_RANGE_LOOP_ANALYSIS = YES;
				CLANG_WARN_STRICT_PROTOTYPES = YES;
				CLANG_WARN_SUSPICIOUS_MOVE = YES;
				CLANG_WARN_UNGUARDED_AVAILABILITY = YES_AGGRESSIVE;
				CLANG_WARN_UNREACHABLE_CODE = YES;
				CLANG_WARN__DUPLICATE_METHOD_MATCH = YES;
				COPY_PHASE_STRIP = NO;
				DEBUG_INFORMATION_FORMAT = dwarf;
				ENABLE_STRICT_OBJC_MSGSEND = YES;
				ENABLE_TESTABILITY = YES;
				GCC_C_LANGUAGE_STANDARD = gnu11;
				GCC_DYNAMIC_NO_PIC = NO;
				GCC_NO_COMMON_BLOCKS = YES;
				GCC_OPTIMIZATION_LEVEL = 0;
				GCC_PREPROCESSOR_DEFINITIONS = (
					"DEBUG=1",
					"$(inherited)",
				);
				GCC_WARN_64_TO_32_BIT_CONVERSION = YES;
				GCC_WARN_ABOUT_RETURN_TYPE = YES_ERROR;
				GCC_WARN_UNDECLARED_SELECTOR = YES;
				GCC_WARN_UNINITIALIZED_AUTOS = YES_AGGRESSIVE;
				GCC_WARN_UNUSED_FUNCTION = YES;
				GCC_WARN_UNUSED_VARIABLE = YES;
				IPHONEOS_DEPLOYMENT_TARGET = 13.1;
				MTL_ENABLE_DEBUG_INFO = INCLUDE_SOURCE;
				MTL_FAST_MATH = YES;
				ONLY_ACTIVE_ARCH = YES;
				SDKROOT = iphoneos;
				SWIFT_ACTIVE_COMPILATION_CONDITIONS = DEBUG;
				SWIFT_OPTIMIZATION_LEVEL = "-Onone";
			};
			name = Debug;
		};
		930D6BEE25B7E09A005E24DF /* Release */ = {
			isa = XCBuildConfiguration;
			buildSettings = {
				ALWAYS_SEARCH_USER_PATHS = NO;
				CLANG_ANALYZER_NONNULL = YES;
				CLANG_ANALYZER_NUMBER_OBJECT_CONVERSION = YES_AGGRESSIVE;
				CLANG_CXX_LANGUAGE_STANDARD = "gnu++14";
				CLANG_CXX_LIBRARY = "libc++";
				CLANG_ENABLE_MODULES = YES;
				CLANG_ENABLE_OBJC_ARC = YES;
				CLANG_ENABLE_OBJC_WEAK = YES;
				CLANG_WARN_BLOCK_CAPTURE_AUTORELEASING = YES;
				CLANG_WARN_BOOL_CONVERSION = YES;
				CLANG_WARN_COMMA = YES;
				CLANG_WARN_CONSTANT_CONVERSION = YES;
				CLANG_WARN_DEPRECATED_OBJC_IMPLEMENTATIONS = YES;
				CLANG_WARN_DIRECT_OBJC_ISA_USAGE = YES_ERROR;
				CLANG_WARN_DOCUMENTATION_COMMENTS = YES;
				CLANG_WARN_EMPTY_BODY = YES;
				CLANG_WARN_ENUM_CONVERSION = YES;
				CLANG_WARN_INFINITE_RECURSION = YES;
				CLANG_WARN_INT_CONVERSION = YES;
				CLANG_WARN_NON_LITERAL_NULL_CONVERSION = YES;
				CLANG_WARN_OBJC_IMPLICIT_RETAIN_SELF = YES;
				CLANG_WARN_OBJC_LITERAL_CONVERSION = YES;
				CLANG_WARN_OBJC_ROOT_CLASS = YES_ERROR;
				CLANG_WARN_RANGE_LOOP_ANALYSIS = YES;
				CLANG_WARN_STRICT_PROTOTYPES = YES;
				CLANG_WARN_SUSPICIOUS_MOVE = YES;
				CLANG_WARN_UNGUARDED_AVAILABILITY = YES_AGGRESSIVE;
				CLANG_WARN_UNREACHABLE_CODE = YES;
				CLANG_WARN__DUPLICATE_METHOD_MATCH = YES;
				COPY_PHASE_STRIP = NO;
				DEBUG_INFORMATION_FORMAT = "dwarf-with-dsym";
				ENABLE_NS_ASSERTIONS = NO;
				ENABLE_STRICT_OBJC_MSGSEND = YES;
				GCC_C_LANGUAGE_STANDARD = gnu11;
				GCC_NO_COMMON_BLOCKS = YES;
				GCC_WARN_64_TO_32_BIT_CONVERSION = YES;
				GCC_WARN_ABOUT_RETURN_TYPE = YES_ERROR;
				GCC_WARN_UNDECLARED_SELECTOR = YES;
				GCC_WARN_UNINITIALIZED_AUTOS = YES_AGGRESSIVE;
				GCC_WARN_UNUSED_FUNCTION = YES;
				GCC_WARN_UNUSED_VARIABLE = YES;
				IPHONEOS_DEPLOYMENT_TARGET = 13.1;
				MTL_ENABLE_DEBUG_INFO = NO;
				MTL_FAST_MATH = YES;
				SDKROOT = iphoneos;
				SWIFT_COMPILATION_MODE = wholemodule;
				SWIFT_OPTIMIZATION_LEVEL = "-O";
				VALIDATE_PRODUCT = YES;
			};
			name = Release;
		};
		930D6BF025B7E09A005E24DF /* Debug */ = {
			isa = XCBuildConfiguration;
			buildSettings = {
				ASSETCATALOG_COMPILER_APPICON_NAME = AppIcon;
				CODE_SIGN_STYLE = Automatic;
				DEVELOPMENT_TEAM = 35ER5MU285;
				INFOPLIST_FILE = Pokemon/Info.plist;
				IPHONEOS_DEPLOYMENT_TARGET = 11.0;
				LD_RUNPATH_SEARCH_PATHS = (
					"$(inherited)",
					"@executable_path/Frameworks",
				);
				PRODUCT_BUNDLE_IDENTIFIER = com.sureshkumar.Pokemon;
				PRODUCT_NAME = "$(TARGET_NAME)";
				SWIFT_VERSION = 5.0;
				TARGETED_DEVICE_FAMILY = 1;
			};
			name = Debug;
		};
		930D6BF125B7E09A005E24DF /* Release */ = {
			isa = XCBuildConfiguration;
			buildSettings = {
				ASSETCATALOG_COMPILER_APPICON_NAME = AppIcon;
				CODE_SIGN_STYLE = Automatic;
				DEVELOPMENT_TEAM = 35ER5MU285;
				INFOPLIST_FILE = Pokemon/Info.plist;
				IPHONEOS_DEPLOYMENT_TARGET = 11.0;
				LD_RUNPATH_SEARCH_PATHS = (
					"$(inherited)",
					"@executable_path/Frameworks",
				);
				PRODUCT_BUNDLE_IDENTIFIER = com.sureshkumar.Pokemon;
				PRODUCT_NAME = "$(TARGET_NAME)";
				SWIFT_VERSION = 5.0;
				TARGETED_DEVICE_FAMILY = 1;
			};
			name = Release;
		};
		930D6BF325B7E09A005E24DF /* Debug */ = {
			isa = XCBuildConfiguration;
			buildSettings = {
				ALWAYS_EMBED_SWIFT_STANDARD_LIBRARIES = YES;
				BUNDLE_LOADER = "$(TEST_HOST)";
				CODE_SIGN_STYLE = Automatic;
				DEVELOPMENT_TEAM = 35ER5MU285;
				INFOPLIST_FILE = PokemonTests/Info.plist;
				IPHONEOS_DEPLOYMENT_TARGET = 13.1;
				LD_RUNPATH_SEARCH_PATHS = (
					"$(inherited)",
					"@executable_path/Frameworks",
					"@loader_path/Frameworks",
				);
				PRODUCT_BUNDLE_IDENTIFIER = com.sureshkumar.PokemonTests;
				PRODUCT_NAME = "$(TARGET_NAME)";
				SWIFT_VERSION = 5.0;
				TARGETED_DEVICE_FAMILY = "1,2";
				TEST_HOST = "$(BUILT_PRODUCTS_DIR)/Pokemon.app/Pokemon";
			};
			name = Debug;
		};
		930D6BF425B7E09A005E24DF /* Release */ = {
			isa = XCBuildConfiguration;
			buildSettings = {
				ALWAYS_EMBED_SWIFT_STANDARD_LIBRARIES = YES;
				BUNDLE_LOADER = "$(TEST_HOST)";
				CODE_SIGN_STYLE = Automatic;
				DEVELOPMENT_TEAM = 35ER5MU285;
				INFOPLIST_FILE = PokemonTests/Info.plist;
				IPHONEOS_DEPLOYMENT_TARGET = 13.1;
				LD_RUNPATH_SEARCH_PATHS = (
					"$(inherited)",
					"@executable_path/Frameworks",
					"@loader_path/Frameworks",
				);
				PRODUCT_BUNDLE_IDENTIFIER = com.sureshkumar.PokemonTests;
				PRODUCT_NAME = "$(TARGET_NAME)";
				SWIFT_VERSION = 5.0;
				TARGETED_DEVICE_FAMILY = "1,2";
				TEST_HOST = "$(BUILT_PRODUCTS_DIR)/Pokemon.app/Pokemon";
			};
			name = Release;
		};
/* End XCBuildConfiguration section */

/* Begin XCConfigurationList section */
		930D6BCB25B7E097005E24DF /* Build configuration list for PBXProject "Pokemon" */ = {
			isa = XCConfigurationList;
			buildConfigurations = (
				930D6BED25B7E09A005E24DF /* Debug */,
				930D6BEE25B7E09A005E24DF /* Release */,
			);
			defaultConfigurationIsVisible = 0;
			defaultConfigurationName = Release;
		};
		930D6BEF25B7E09A005E24DF /* Build configuration list for PBXNativeTarget "Pokemon" */ = {
			isa = XCConfigurationList;
			buildConfigurations = (
				930D6BF025B7E09A005E24DF /* Debug */,
				930D6BF125B7E09A005E24DF /* Release */,
			);
			defaultConfigurationIsVisible = 0;
			defaultConfigurationName = Release;
		};
		930D6BF225B7E09A005E24DF /* Build configuration list for PBXNativeTarget "PokemonTests" */ = {
			isa = XCConfigurationList;
			buildConfigurations = (
				930D6BF325B7E09A005E24DF /* Debug */,
				930D6BF425B7E09A005E24DF /* Release */,
			);
			defaultConfigurationIsVisible = 0;
			defaultConfigurationName = Release;
		};
/* End XCConfigurationList section */
	};
	rootObject = 930D6BC825B7E097005E24DF /* Project object */;
}
